
Microsoft Visual Studio Solution File, Format Version 12.00
# Visual Studio 15
VisualStudioVersion = 15.0.26730.10
MinimumVisualStudioVersion = 10.0.40219.1
Project("{FAE04EC0-301F-11D3-BF4B-00C04F79EFBC}") = "GemCom", "GemCom\GemCom.csproj", "{26A1D74D-C90C-433F-99A2-1A1B2A3F2E7D}"
EndProject
Global
	GlobalSection(SolutionConfigurationPlatforms) = preSolution
		Debug|Any CPU = Debug|Any CPU
		Release|Any CPU = Release|Any CPU
	EndGlobalSection
	GlobalSection(ProjectConfigurationPlatforms) = postSolution
		{26A1D74D-C90C-433F-99A2-1A1B2A3F2E7D}.Debug|Any CPU.ActiveCfg = Debug|Any CPU
		{26A1D74D-C90C-433F-99A2-1A1B2A3F2E7D}.Debug|Any CPU.Build.0 = Debug|Any CPU
		{26A1D74D-C90C-433F-99A2-1A1B2A3F2E7D}.Release|Any CPU.ActiveCfg = Release|Any CPU
		{26A1D74D-C90C-433F-99A2-1A1B2A3F2E7D}.Release|Any CPU.Build.0 = Release|Any CPU
	EndGlobalSection
	GlobalSection(SolutionProperties) = preSolution
		HideSolutionNode = FALSE
	EndGlobalSection
	GlobalSection(ExtensibilityGlobals) = postSolution
		SolutionGuid = {F183A003-C98E-4DF9-9D50-CC6DDBB8ECA2}
	EndGlobalSection
EndGlobal
